
Microsoft Visual Studio Solution File, Format Version 12.00
# Visual Studio Version 16
VisualStudioVersion = 16.0.29519.87
MinimumVisualStudioVersion = 10.0.40219.1
Project("{FAE04EC0-301F-11D3-BF4B-00C04F79EFBC}") = "WindowsFormsApp1", "WindowsFormsApp1\WindowsFormsApp1.csproj", "{378E0CBB-3FAF-4BB4-A1AA-78A04DE60B02}"
EndProject
Project("{FAE04EC0-301F-11D3-BF4B-00C04F79EFBC}") = "UnitTestP", "UnitTestP\UnitTestP.csproj", "{2772FA6B-EB6F-4E25-840F-11FCC1E2DA3D}"
EndProject
Global
	GlobalSection(SolutionConfigurationPlatforms) = preSolution
		Debug|Any CPU = Debug|Any CPU
		Release|Any CPU = Release|Any CPU
	EndGlobalSection
	GlobalSection(ProjectConfigurationPlatforms) = postSolution
		{378E0CBB-3FAF-4BB4-A1AA-78A04DE60B02}.Debug|Any CPU.ActiveCfg = Debug|Any CPU
		{378E0CBB-3FAF-4BB4-A1AA-78A04DE60B02}.Debug|Any CPU.Build.0 = Debug|Any CPU
		{378E0CBB-3FAF-4BB4-A1AA-78A04DE60B02}.Release|Any CPU.ActiveCfg = Release|Any CPU
		{378E0CBB-3FAF-4BB4-A1AA-78A04DE60B02}.Release|Any CPU.Build.0 = Release|Any CPU
		{2772FA6B-EB6F-4E25-840F-11FCC1E2DA3D}.Debug|Any CPU.ActiveCfg = Debug|Any CPU
		{2772FA6B-EB6F-4E25-840F-11FCC1E2DA3D}.Debug|Any CPU.Build.0 = Debug|Any CPU
		{2772FA6B-EB6F-4E25-840F-11FCC1E2DA3D}.Release|Any CPU.ActiveCfg = Release|Any CPU
		{2772FA6B-EB6F-4E25-840F-11FCC1E2DA3D}.Release|Any CPU.Build.0 = Release|Any CPU
	EndGlobalSection
	GlobalSection(SolutionProperties) = preSolution
		HideSolutionNode = FALSE
	EndGlobalSection
	GlobalSection(ExtensibilityGlobals) = postSolution
		SolutionGuid = {DA8AE4B6-8759-4A90-8BF5-94CA2EF674E0}
	EndGlobalSection
EndGlobal
